github.com/rsa17826/go-arg-lib v0.0.69 h1:G7TYCqUIw3z0QO2v5NHG4VDgY+5JR2nYInGDgxkoFdY=
github.com/rsa17826/go-arg-lib v0.0.69/go.mod h1:eP/bXinIXD6bZWBMqk9eZJfkkKUcl66j0uuz1amrsdU=
github.com/rsa17826/go-input-lib v0.0.30 h1:BGSAXvKaUeYA+oTWrSt+vSWq2Rh/B8l/Wzf2tRWAn5Y=
github.com/rsa17826/go-input-lib v0.0.30/go.mod h1:T1wppzAanzal1KNtIJpew4sIFwCtlBWegq0vDriqwC0=
github.com/rsa17826/go-input-lib v0.0.31 h1:WrkV6BmR1KA1wyCOWE+TyM6gqtPiNSR/haFmB41TaUk=
github.com/rsa17826/go-input-lib v0.0.31/go.mod h1:T1wppzAanzal1KNtIJpew4sIFwCtlBWegq0vDriqwC0=
github.com/rsa17826/go-input-lib v0.0.32 h1:yHeiwO0Tkc+GxrWYGEtE9huLlPyYhL4twO9kD3NO4Io=
github.com/rsa17826/go-input-lib v0.0.32/go.mod h1:T1wppzAanzal1KNtIJpew4sIFwCtlBWegq0vDriqwC0=
golang.org/x/sys v0.44.0 h1:ildZl3J4uzeKP07r2F++Op7E9B29JRUy+a27EibtBTQ=
golang.org/x/sys v0.44.0/go.mod h1:4GL1E5IUh+htKOUEOaiffhrAeqysfVGipDYzABqnCmw=
